{
  "version": 4,
  "terraform_version": "1.3.2",
  "serial": 74,
  "lineage": "bdab73c8-8518-8514-f09a-883a261e7c5d",
  "outputs": {},
  "resources": [
    {
      "module": "module.justselfsigned_caa",
      "mode": "managed",
      "type": "google_dns_record_set",
      "name": "caa",
      "provider": "provider[\"registry.terraform.io/hashicorp/google\"]",
      "instances": [
        {
          "schema_version": 0,
          "attributes": {
            "id": "projects/justselfsigned-org/managedZones/justselfsigned-org/rrsets/justselfsigned.org./CAA",
            "managed_zone": "justselfsigned-org",
            "name": "justselfsigned.org.",
            "project": "justselfsigned-org",
            "routing_policy": [],
            "rrdatas": [
              "0 issue \";\"",
              "0 issuewild \";\"",
              "0 iodef \"mailto:justselfsigned.org-caa@olliejc.uk\""
            ],
            "ttl": 30,
            "type": "CAA"
          },
          "sensitive_attributes": [],
          "private": "bnVsbA=="
        }
      ]
    },
    {
      "module": "module.justselfsigned_email",
      "mode": "managed",
      "type": "google_dns_record_set",
      "name": "dkim-record",
      "provider": "provider[\"registry.terraform.io/hashicorp/google\"]",
      "instances": [
        {
          "index_key": 0,
          "schema_version": 0,
          "attributes": {
            "id": "projects/justselfsigned-org/managedZones/justselfsigned-org/rrsets/*._domainkey.justselfsigned.org./TXT",
            "managed_zone": "justselfsigned-org",
            "name": "*._domainkey.justselfsigned.org.",
            "project": "justselfsigned-org",
            "routing_policy": [],
            "rrdatas": [
              "\"v=DKIM1; p=\""
            ],
            "ttl": 60,
            "type": "TXT"
          },
          "sensitive_attributes": [],
          "private": "bnVsbA=="
        }
      ]
    },
    {
      "module": "module.justselfsigned_email",
      "mode": "managed",
      "type": "google_dns_record_set",
      "name": "dkim-signing-required-record",
      "provider": "provider[\"registry.terraform.io/hashicorp/google\"]",
      "instances": [
        {
          "index_key": 0,
          "schema_version": 0,
          "attributes": {
            "id": "projects/justselfsigned-org/managedZones/justselfsigned-org/rrsets/_domainkey.justselfsigned.org./TXT",
            "managed_zone": "justselfsigned-org",
            "name": "_domainkey.justselfsigned.org.",
            "project": "justselfsigned-org",
            "routing_policy": [],
            "rrdatas": [
              "\"o=-\""
            ],
            "ttl": 60,
            "type": "TXT"
          },
          "sensitive_attributes": [],
          "private": "bnVsbA=="
        }
      ]
    },
    {
      "module": "module.justselfsigned_email",
      "mode": "managed",
      "type": "google_dns_record_set",
      "name": "dmarc-record",
      "provider": "provider[\"registry.terraform.io/hashicorp/google\"]",
      "instances": [
        {
          "index_key": 0,
          "schema_version": 0,
          "attributes": {
            "id": "projects/justselfsigned-org/managedZones/justselfsigned-org/rrsets/_dmarc.justselfsigned.org./TXT",
            "managed_zone": "justselfsigned-org",
            "name": "_dmarc.justselfsigned.org.",
            "project": "justselfsigned-org",
            "routing_policy": [],
            "rrdatas": [
              "\"v=DMARC1;p=reject;sp=reject;adkim=s;aspf=s;fo=1;rua=mailto:justselfsigned.org-dmarc@olliejc.uk\""
            ],
            "ttl": 60,
            "type": "TXT"
          },
          "sensitive_attributes": [],
          "private": "bnVsbA=="
        }
      ]
    },
    {
      "module": "module.justselfsigned_email",
      "mode": "managed",
      "type": "google_dns_record_set",
      "name": "null-mx-record",
      "provider": "provider[\"registry.terraform.io/hashicorp/google\"]",
      "instances": [
        {
          "index_key": 0,
          "schema_version": 0,
          "attributes": {
            "id": "projects/justselfsigned-org/managedZones/justselfsigned-org/rrsets/justselfsigned.org./MX",
            "managed_zone": "justselfsigned-org",
            "name": "justselfsigned.org.",
            "project": "justselfsigned-org",
            "routing_policy": [],
            "rrdatas": [
              "0 ."
            ],
            "ttl": 60,
            "type": "MX"
          },
          "sensitive_attributes": [],
          "private": "bnVsbA=="
        }
      ]
    },
    {
      "module": "module.justselfsigned_email",
      "mode": "managed",
      "type": "google_dns_record_set",
      "name": "spf-record",
      "provider": "provider[\"registry.terraform.io/hashicorp/google\"]",
      "instances": [
        {
          "index_key": 0,
          "schema_version": 0,
          "attributes": {
            "id": "projects/justselfsigned-org/managedZones/justselfsigned-org/rrsets/justselfsigned.org./TXT",
            "managed_zone": "justselfsigned-org",
            "name": "justselfsigned.org.",
            "project": "justselfsigned-org",
            "routing_policy": [],
            "rrdatas": [
              "\"v=spf1 -all\""
            ],
            "ttl": 60,
            "type": "TXT"
          },
          "sensitive_attributes": [],
          "private": "bnVsbA=="
        }
      ]
    },
    {
      "module": "module.justselfsigned_tlsa",
      "mode": "managed",
      "type": "google_dns_record_set",
      "name": "tlsa-record",
      "provider": "provider[\"registry.terraform.io/hashicorp/google\"]",
      "instances": [
        {
          "schema_version": 0,
          "attributes": {
            "id": "projects/justselfsigned-org/managedZones/justselfsigned-org/rrsets/_443._tcp.justselfsigned.org./TLSA",
            "managed_zone": "justselfsigned-org",
            "name": "_443._tcp.justselfsigned.org.",
            "project": "justselfsigned-org",
            "routing_policy": [],
            "rrdatas": [
              "3 0 1 c31dd8cef9633b50c4f5c8e8a5796e25dfe5070d71735f1b98824ed219ea6da0",
              "3 0 1 b559856f64b12af263aa53c5a83f0af73fe9e883935f10fc6ab575fda68f3272"
            ],
            "ttl": 30,
            "type": "TLSA"
          },
          "sensitive_attributes": [],
          "private": "bnVsbA=="
        }
      ]
    },
    {
      "module": "module.justselfsigned_tlsa",
      "mode": "managed",
      "type": "google_dns_record_set",
      "name": "udp-tlsa-record",
      "provider": "provider[\"registry.terraform.io/hashicorp/google\"]",
      "instances": [
        {
          "schema_version": 0,
          "attributes": {
            "id": "projects/justselfsigned-org/managedZones/justselfsigned-org/rrsets/_443._udp.justselfsigned.org./TLSA",
            "managed_zone": "justselfsigned-org",
            "name": "_443._udp.justselfsigned.org.",
            "project": "justselfsigned-org",
            "routing_policy": [],
            "rrdatas": [
              "3 0 1 c31dd8cef9633b50c4f5c8e8a5796e25dfe5070d71735f1b98824ed219ea6da0",
              "3 0 1 b559856f64b12af263aa53c5a83f0af73fe9e883935f10fc6ab575fda68f3272"
            ],
            "ttl": 30,
            "type": "TLSA"
          },
          "sensitive_attributes": [],
          "private": "bnVsbA=="
        }
      ]
    },
    {
      "module": "module.justselfsigned_web",
      "mode": "managed",
      "type": "google_dns_record_set",
      "name": "a-record",
      "provider": "provider[\"registry.terraform.io/hashicorp/google\"]",
      "instances": [
        {
          "schema_version": 0,
          "attributes": {
            "id": "projects/justselfsigned-org/managedZones/justselfsigned-org/rrsets/justselfsigned.org./A",
            "managed_zone": "justselfsigned-org",
            "name": "justselfsigned.org.",
            "project": "justselfsigned-org",
            "routing_policy": [],
            "rrdatas": [
              "3.10.56.40",
              "35.178.193.190"
            ],
            "ttl": 30,
            "type": "A"
          },
          "sensitive_attributes": [],
          "private": "bnVsbA=="
        }
      ]
    },
    {
      "module": "module.justselfsigned_web",
      "mode": "managed",
      "type": "google_dns_record_set",
      "name": "aaaa-record",
      "provider": "provider[\"registry.terraform.io/hashicorp/google\"]",
      "instances": [
        {
          "schema_version": 0,
          "attributes": {
            "id": "projects/justselfsigned-org/managedZones/justselfsigned-org/rrsets/justselfsigned.org./AAAA",
            "managed_zone": "justselfsigned-org",
            "name": "justselfsigned.org.",
            "project": "justselfsigned-org",
            "routing_policy": [],
            "rrdatas": [
              "2a05:d01c:b60:ad00:925f:6e19:edb0:2aa1",
              "2a05:d01c:b60:ad01:6bae:70b:2ac5:d22f"
            ],
            "ttl": 30,
            "type": "AAAA"
          },
          "sensitive_attributes": [],
          "private": "bnVsbA=="
        }
      ]
    },
    {
      "module": "module.justselfsigned_web",
      "mode": "managed",
      "type": "google_dns_record_set",
      "name": "www-a-record",
      "provider": "provider[\"registry.terraform.io/hashicorp/google\"]",
      "instances": [
        {
          "schema_version": 0,
          "attributes": {
            "id": "projects/justselfsigned-org/managedZones/justselfsigned-org/rrsets/www.justselfsigned.org./A",
            "managed_zone": "justselfsigned-org",
            "name": "www.justselfsigned.org.",
            "project": "justselfsigned-org",
            "routing_policy": [],
            "rrdatas": [
              "3.10.56.40",
              "35.178.193.190"
            ],
            "ttl": 30,
            "type": "A"
          },
          "sensitive_attributes": [],
          "private": "bnVsbA=="
        }
      ]
    },
    {
      "module": "module.justselfsigned_web",
      "mode": "managed",
      "type": "google_dns_record_set",
      "name": "www-aaaa-record",
      "provider": "provider[\"registry.terraform.io/hashicorp/google\"]",
      "instances": [
        {
          "schema_version": 0,
          "attributes": {
            "id": "projects/justselfsigned-org/managedZones/justselfsigned-org/rrsets/www.justselfsigned.org./AAAA",
            "managed_zone": "justselfsigned-org",
            "name": "www.justselfsigned.org.",
            "project": "justselfsigned-org",
            "routing_policy": [],
            "rrdatas": [
              "2a05:d01c:b60:ad00:925f:6e19:edb0:2aa1",
              "2a05:d01c:b60:ad01:6bae:70b:2ac5:d22f"
            ],
            "ttl": 30,
            "type": "AAAA"
          },
          "sensitive_attributes": [],
          "private": "bnVsbA=="
        }
      ]
    },
    {
      "module": "module.onlyselfsigned_caa",
      "mode": "managed",
      "type": "google_dns_record_set",
      "name": "caa",
      "provider": "provider[\"registry.terraform.io/hashicorp/google\"]",
      "instances": [
        {
          "schema_version": 0,
          "attributes": {
            "id": "projects/justselfsigned-org/managedZones/onlyselfsigned-org/rrsets/onlyselfsigned.org./CAA",
            "managed_zone": "onlyselfsigned-org",
            "name": "onlyselfsigned.org.",
            "project": "justselfsigned-org",
            "routing_policy": [],
            "rrdatas": [
              "0 issue \";\"",
              "0 issuewild \";\"",
              "0 iodef \"mailto:onlyselfsigned.org-caa@olliejc.uk\""
            ],
            "ttl": 30,
            "type": "CAA"
          },
          "sensitive_attributes": [],
          "private": "bnVsbA=="
        }
      ]
    },
    {
      "module": "module.onlyselfsigned_email",
      "mode": "managed",
      "type": "google_dns_record_set",
      "name": "dkim-record",
      "provider": "provider[\"registry.terraform.io/hashicorp/google\"]",
      "instances": [
        {
          "index_key": 0,
          "schema_version": 0,
          "attributes": {
            "id": "projects/justselfsigned-org/managedZones/onlyselfsigned-org/rrsets/*._domainkey.onlyselfsigned.org./TXT",
            "managed_zone": "onlyselfsigned-org",
            "name": "*._domainkey.onlyselfsigned.org.",
            "project": "justselfsigned-org",
            "routing_policy": [],
            "rrdatas": [
              "\"v=DKIM1; p=\""
            ],
            "ttl": 60,
            "type": "TXT"
          },
          "sensitive_attributes": [],
          "private": "bnVsbA=="
        }
      ]
    },
    {
      "module": "module.onlyselfsigned_email",
      "mode": "managed",
      "type": "google_dns_record_set",
      "name": "dkim-signing-required-record",
      "provider": "provider[\"registry.terraform.io/hashicorp/google\"]",
      "instances": [
        {
          "index_key": 0,
          "schema_version": 0,
          "attributes": {
            "id": "projects/justselfsigned-org/managedZones/onlyselfsigned-org/rrsets/_domainkey.onlyselfsigned.org./TXT",
            "managed_zone": "onlyselfsigned-org",
            "name": "_domainkey.onlyselfsigned.org.",
            "project": "justselfsigned-org",
            "routing_policy": [],
            "rrdatas": [
              "\"o=-\""
            ],
            "ttl": 60,
            "type": "TXT"
          },
          "sensitive_attributes": [],
          "private": "bnVsbA=="
        }
      ]
    },
    {
      "module": "module.onlyselfsigned_email",
      "mode": "managed",
      "type": "google_dns_record_set",
      "name": "dmarc-record",
      "provider": "provider[\"registry.terraform.io/hashicorp/google\"]",
      "instances": [
        {
          "index_key": 0,
          "schema_version": 0,
          "attributes": {
            "id": "projects/justselfsigned-org/managedZones/onlyselfsigned-org/rrsets/_dmarc.onlyselfsigned.org./TXT",
            "managed_zone": "onlyselfsigned-org",
            "name": "_dmarc.onlyselfsigned.org.",
            "project": "justselfsigned-org",
            "routing_policy": [],
            "rrdatas": [
              "\"v=DMARC1;p=reject;sp=reject;adkim=s;aspf=s;fo=1;rua=mailto:onlyselfsigned.org-dmarc@olliejc.uk\""
            ],
            "ttl": 60,
            "type": "TXT"
          },
          "sensitive_attributes": [],
          "private": "bnVsbA=="
        }
      ]
    },
    {
      "module": "module.onlyselfsigned_email",
      "mode": "managed",
      "type": "google_dns_record_set",
      "name": "null-mx-record",
      "provider": "provider[\"registry.terraform.io/hashicorp/google\"]",
      "instances": [
        {
          "index_key": 0,
          "schema_version": 0,
          "attributes": {
            "id": "projects/justselfsigned-org/managedZones/onlyselfsigned-org/rrsets/onlyselfsigned.org./MX",
            "managed_zone": "onlyselfsigned-org",
            "name": "onlyselfsigned.org.",
            "project": "justselfsigned-org",
            "routing_policy": [],
            "rrdatas": [
              "0 ."
            ],
            "ttl": 60,
            "type": "MX"
          },
          "sensitive_attributes": [],
          "private": "bnVsbA=="
        }
      ]
    },
    {
      "module": "module.onlyselfsigned_email",
      "mode": "managed",
      "type": "google_dns_record_set",
      "name": "spf-record",
      "provider": "provider[\"registry.terraform.io/hashicorp/google\"]",
      "instances": [
        {
          "index_key": 0,
          "schema_version": 0,
          "attributes": {
            "id": "projects/justselfsigned-org/managedZones/onlyselfsigned-org/rrsets/onlyselfsigned.org./TXT",
            "managed_zone": "onlyselfsigned-org",
            "name": "onlyselfsigned.org.",
            "project": "justselfsigned-org",
            "routing_policy": [],
            "rrdatas": [
              "\"v=spf1 -all\""
            ],
            "ttl": 60,
            "type": "TXT"
          },
          "sensitive_attributes": [],
          "private": "bnVsbA=="
        }
      ]
    },
    {
      "module": "module.onlyselfsigned_tlsa",
      "mode": "managed",
      "type": "google_dns_record_set",
      "name": "tlsa-record",
      "provider": "provider[\"registry.terraform.io/hashicorp/google\"]",
      "instances": [
        {
          "schema_version": 0,
          "attributes": {
            "id": "projects/justselfsigned-org/managedZones/onlyselfsigned-org/rrsets/_443._tcp.onlyselfsigned.org./TLSA",
            "managed_zone": "onlyselfsigned-org",
            "name": "_443._tcp.onlyselfsigned.org.",
            "project": "justselfsigned-org",
            "routing_policy": [],
            "rrdatas": [
              "3 0 1 c31dd8cef9633b50c4f5c8e8a5796e25dfe5070d71735f1b98824ed219ea6da0",
              "3 0 1 b559856f64b12af263aa53c5a83f0af73fe9e883935f10fc6ab575fda68f3272"
            ],
            "ttl": 30,
            "type": "TLSA"
          },
          "sensitive_attributes": [],
          "private": "bnVsbA=="
        }
      ]
    },
    {
      "module": "module.onlyselfsigned_tlsa",
      "mode": "managed",
      "type": "google_dns_record_set",
      "name": "udp-tlsa-record",
      "provider": "provider[\"registry.terraform.io/hashicorp/google\"]",
      "instances": [
        {
          "schema_version": 0,
          "attributes": {
            "id": "projects/justselfsigned-org/managedZones/onlyselfsigned-org/rrsets/_443._udp.onlyselfsigned.org./TLSA",
            "managed_zone": "onlyselfsigned-org",
            "name": "_443._udp.onlyselfsigned.org.",
            "project": "justselfsigned-org",
            "routing_policy": [],
            "rrdatas": [
              "3 0 1 c31dd8cef9633b50c4f5c8e8a5796e25dfe5070d71735f1b98824ed219ea6da0",
              "3 0 1 b559856f64b12af263aa53c5a83f0af73fe9e883935f10fc6ab575fda68f3272"
            ],
            "ttl": 30,
            "type": "TLSA"
          },
          "sensitive_attributes": [],
          "private": "bnVsbA=="
        }
      ]
    },
    {
      "module": "module.onlyselfsigned_web",
      "mode": "managed",
      "type": "google_dns_record_set",
      "name": "a-record",
      "provider": "provider[\"registry.terraform.io/hashicorp/google\"]",
      "instances": [
        {
          "schema_version": 0,
          "attributes": {
            "id": "projects/justselfsigned-org/managedZones/onlyselfsigned-org/rrsets/onlyselfsigned.org./A",
            "managed_zone": "onlyselfsigned-org",
            "name": "onlyselfsigned.org.",
            "project": "justselfsigned-org",
            "routing_policy": [],
            "rrdatas": [
              "3.10.56.40",
              "35.178.193.190"
            ],
            "ttl": 30,
            "type": "A"
          },
          "sensitive_attributes": [],
          "private": "bnVsbA=="
        }
      ]
    },
    {
      "module": "module.onlyselfsigned_web",
      "mode": "managed",
      "type": "google_dns_record_set",
      "name": "aaaa-record",
      "provider": "provider[\"registry.terraform.io/hashicorp/google\"]",
      "instances": [
        {
          "schema_version": 0,
          "attributes": {
            "id": "projects/justselfsigned-org/managedZones/onlyselfsigned-org/rrsets/onlyselfsigned.org./AAAA",
            "managed_zone": "onlyselfsigned-org",
            "name": "onlyselfsigned.org.",
            "project": "justselfsigned-org",
            "routing_policy": [],
            "rrdatas": [
              "2a05:d01c:b60:ad00:925f:6e19:edb0:2aa1",
              "2a05:d01c:b60:ad01:6bae:70b:2ac5:d22f"
            ],
            "ttl": 30,
            "type": "AAAA"
          },
          "sensitive_attributes": [],
          "private": "bnVsbA=="
        }
      ]
    },
    {
      "module": "module.onlyselfsigned_web",
      "mode": "managed",
      "type": "google_dns_record_set",
      "name": "www-a-record",
      "provider": "provider[\"registry.terraform.io/hashicorp/google\"]",
      "instances": [
        {
          "schema_version": 0,
          "attributes": {
            "id": "projects/justselfsigned-org/managedZones/onlyselfsigned-org/rrsets/www.onlyselfsigned.org./A",
            "managed_zone": "onlyselfsigned-org",
            "name": "www.onlyselfsigned.org.",
            "project": "justselfsigned-org",
            "routing_policy": [],
            "rrdatas": [
              "3.10.56.40",
              "35.178.193.190"
            ],
            "ttl": 30,
            "type": "A"
          },
          "sensitive_attributes": [],
          "private": "bnVsbA=="
        }
      ]
    },
    {
      "module": "module.onlyselfsigned_web",
      "mode": "managed",
      "type": "google_dns_record_set",
      "name": "www-aaaa-record",
      "provider": "provider[\"registry.terraform.io/hashicorp/google\"]",
      "instances": [
        {
          "schema_version": 0,
          "attributes": {
            "id": "projects/justselfsigned-org/managedZones/onlyselfsigned-org/rrsets/www.onlyselfsigned.org./AAAA",
            "managed_zone": "onlyselfsigned-org",
            "name": "www.onlyselfsigned.org.",
            "project": "justselfsigned-org",
            "routing_policy": [],
            "rrdatas": [
              "2a05:d01c:b60:ad00:925f:6e19:edb0:2aa1",
              "2a05:d01c:b60:ad01:6bae:70b:2ac5:d22f"
            ],
            "ttl": 30,
            "type": "AAAA"
          },
          "sensitive_attributes": [],
          "private": "bnVsbA=="
        }
      ]
    },
    {
      "module": "module.selfsigned_caa",
      "mode": "managed",
      "type": "google_dns_record_set",
      "name": "caa",
      "provider": "provider[\"registry.terraform.io/hashicorp/google\"]",
      "instances": [
        {
          "schema_version": 0,
          "attributes": {
            "id": "projects/justselfsigned-org/managedZones/self-signed-org/rrsets/self-signed.org./CAA",
            "managed_zone": "self-signed-org",
            "name": "self-signed.org.",
            "project": "justselfsigned-org",
            "routing_policy": [],
            "rrdatas": [
              "0 issue \";\"",
              "0 issuewild \";\"",
              "0 iodef \"mailto:self-signed.org-caa@olliejc.uk\""
            ],
            "ttl": 30,
            "type": "CAA"
          },
          "sensitive_attributes": [],
          "private": "bnVsbA=="
        }
      ]
    },
    {
      "module": "module.selfsigned_email",
      "mode": "managed",
      "type": "google_dns_record_set",
      "name": "dkim-record",
      "provider": "provider[\"registry.terraform.io/hashicorp/google\"]",
      "instances": [
        {
          "index_key": 0,
          "schema_version": 0,
          "attributes": {
            "id": "projects/justselfsigned-org/managedZones/self-signed-org/rrsets/*._domainkey.self-signed.org./TXT",
            "managed_zone": "self-signed-org",
            "name": "*._domainkey.self-signed.org.",
            "project": "justselfsigned-org",
            "routing_policy": [],
            "rrdatas": [
              "\"v=DKIM1; p=\""
            ],
            "ttl": 60,
            "type": "TXT"
          },
          "sensitive_attributes": [],
          "private": "bnVsbA=="
        }
      ]
    },
    {
      "module": "module.selfsigned_email",
      "mode": "managed",
      "type": "google_dns_record_set",
      "name": "dkim-signing-required-record",
      "provider": "provider[\"registry.terraform.io/hashicorp/google\"]",
      "instances": [
        {
          "index_key": 0,
          "schema_version": 0,
          "attributes": {
            "id": "projects/justselfsigned-org/managedZones/self-signed-org/rrsets/_domainkey.self-signed.org./TXT",
            "managed_zone": "self-signed-org",
            "name": "_domainkey.self-signed.org.",
            "project": "justselfsigned-org",
            "routing_policy": [],
            "rrdatas": [
              "\"o=-\""
            ],
            "ttl": 60,
            "type": "TXT"
          },
          "sensitive_attributes": [],
          "private": "bnVsbA=="
        }
      ]
    },
    {
      "module": "module.selfsigned_email",
      "mode": "managed",
      "type": "google_dns_record_set",
      "name": "dmarc-record",
      "provider": "provider[\"registry.terraform.io/hashicorp/google\"]",
      "instances": [
        {
          "index_key": 0,
          "schema_version": 0,
          "attributes": {
            "id": "projects/justselfsigned-org/managedZones/self-signed-org/rrsets/_dmarc.self-signed.org./TXT",
            "managed_zone": "self-signed-org",
            "name": "_dmarc.self-signed.org.",
            "project": "justselfsigned-org",
            "routing_policy": [],
            "rrdatas": [
              "\"v=DMARC1;p=reject;sp=reject;adkim=s;aspf=s;fo=1;rua=mailto:self-signed.org-dmarc@olliejc.uk\""
            ],
            "ttl": 60,
            "type": "TXT"
          },
          "sensitive_attributes": [],
          "private": "bnVsbA=="
        }
      ]
    },
    {
      "module": "module.selfsigned_email",
      "mode": "managed",
      "type": "google_dns_record_set",
      "name": "null-mx-record",
      "provider": "provider[\"registry.terraform.io/hashicorp/google\"]",
      "instances": [
        {
          "index_key": 0,
          "schema_version": 0,
          "attributes": {
            "id": "projects/justselfsigned-org/managedZones/self-signed-org/rrsets/self-signed.org./MX",
            "managed_zone": "self-signed-org",
            "name": "self-signed.org.",
            "project": "justselfsigned-org",
            "routing_policy": [],
            "rrdatas": [
              "0 ."
            ],
            "ttl": 60,
            "type": "MX"
          },
          "sensitive_attributes": [],
          "private": "bnVsbA=="
        }
      ]
    },
    {
      "module": "module.selfsigned_email",
      "mode": "managed",
      "type": "google_dns_record_set",
      "name": "spf-record",
      "provider": "provider[\"registry.terraform.io/hashicorp/google\"]",
      "instances": [
        {
          "index_key": 0,
          "schema_version": 0,
          "attributes": {
            "id": "projects/justselfsigned-org/managedZones/self-signed-org/rrsets/self-signed.org./TXT",
            "managed_zone": "self-signed-org",
            "name": "self-signed.org.",
            "project": "justselfsigned-org",
            "routing_policy": [],
            "rrdatas": [
              "\"v=spf1 -all\""
            ],
            "ttl": 60,
            "type": "TXT"
          },
          "sensitive_attributes": [],
          "private": "bnVsbA=="
        }
      ]
    },
    {
      "module": "module.selfsigned_tlsa",
      "mode": "managed",
      "type": "google_dns_record_set",
      "name": "tlsa-record",
      "provider": "provider[\"registry.terraform.io/hashicorp/google\"]",
      "instances": [
        {
          "schema_version": 0,
          "attributes": {
            "id": "projects/justselfsigned-org/managedZones/self-signed-org/rrsets/_443._tcp.self-signed.org./TLSA",
            "managed_zone": "self-signed-org",
            "name": "_443._tcp.self-signed.org.",
            "project": "justselfsigned-org",
            "routing_policy": [],
            "rrdatas": [
              "3 0 1 c31dd8cef9633b50c4f5c8e8a5796e25dfe5070d71735f1b98824ed219ea6da0",
              "3 0 1 b559856f64b12af263aa53c5a83f0af73fe9e883935f10fc6ab575fda68f3272"
            ],
            "ttl": 30,
            "type": "TLSA"
          },
          "sensitive_attributes": [],
          "private": "bnVsbA=="
        }
      ]
    },
    {
      "module": "module.selfsigned_tlsa",
      "mode": "managed",
      "type": "google_dns_record_set",
      "name": "udp-tlsa-record",
      "provider": "provider[\"registry.terraform.io/hashicorp/google\"]",
      "instances": [
        {
          "schema_version": 0,
          "attributes": {
            "id": "projects/justselfsigned-org/managedZones/self-signed-org/rrsets/_443._udp.self-signed.org./TLSA",
            "managed_zone": "self-signed-org",
            "name": "_443._udp.self-signed.org.",
            "project": "justselfsigned-org",
            "routing_policy": [],
            "rrdatas": [
              "3 0 1 c31dd8cef9633b50c4f5c8e8a5796e25dfe5070d71735f1b98824ed219ea6da0",
              "3 0 1 b559856f64b12af263aa53c5a83f0af73fe9e883935f10fc6ab575fda68f3272"
            ],
            "ttl": 30,
            "type": "TLSA"
          },
          "sensitive_attributes": [],
          "private": "bnVsbA=="
        }
      ]
    },
    {
      "module": "module.selfsigned_web",
      "mode": "managed",
      "type": "google_dns_record_set",
      "name": "a-record",
      "provider": "provider[\"registry.terraform.io/hashicorp/google\"]",
      "instances": [
        {
          "schema_version": 0,
          "attributes": {
            "id": "projects/justselfsigned-org/managedZones/self-signed-org/rrsets/self-signed.org./A",
            "managed_zone": "self-signed-org",
            "name": "self-signed.org.",
            "project": "justselfsigned-org",
            "routing_policy": [],
            "rrdatas": [
              "3.10.56.40",
              "35.178.193.190"
            ],
            "ttl": 30,
            "type": "A"
          },
          "sensitive_attributes": [],
          "private": "bnVsbA=="
        }
      ]
    },
    {
      "module": "module.selfsigned_web",
      "mode": "managed",
      "type": "google_dns_record_set",
      "name": "aaaa-record",
      "provider": "provider[\"registry.terraform.io/hashicorp/google\"]",
      "instances": [
        {
          "schema_version": 0,
          "attributes": {
            "id": "projects/justselfsigned-org/managedZones/self-signed-org/rrsets/self-signed.org./AAAA",
            "managed_zone": "self-signed-org",
            "name": "self-signed.org.",
            "project": "justselfsigned-org",
            "routing_policy": [],
            "rrdatas": [
              "2a05:d01c:b60:ad00:925f:6e19:edb0:2aa1",
              "2a05:d01c:b60:ad01:6bae:70b:2ac5:d22f"
            ],
            "ttl": 30,
            "type": "AAAA"
          },
          "sensitive_attributes": [],
          "private": "bnVsbA=="
        }
      ]
    },
    {
      "module": "module.selfsigned_web",
      "mode": "managed",
      "type": "google_dns_record_set",
      "name": "www-a-record",
      "provider": "provider[\"registry.terraform.io/hashicorp/google\"]",
      "instances": [
        {
          "schema_version": 0,
          "attributes": {
            "id": "projects/justselfsigned-org/managedZones/self-signed-org/rrsets/www.self-signed.org./A",
            "managed_zone": "self-signed-org",
            "name": "www.self-signed.org.",
            "project": "justselfsigned-org",
            "routing_policy": [],
            "rrdatas": [
              "3.10.56.40",
              "35.178.193.190"
            ],
            "ttl": 30,
            "type": "A"
          },
          "sensitive_attributes": [],
          "private": "bnVsbA=="
        }
      ]
    },
    {
      "module": "module.selfsigned_web",
      "mode": "managed",
      "type": "google_dns_record_set",
      "name": "www-aaaa-record",
      "provider": "provider[\"registry.terraform.io/hashicorp/google\"]",
      "instances": [
        {
          "schema_version": 0,
          "attributes": {
            "id": "projects/justselfsigned-org/managedZones/self-signed-org/rrsets/www.self-signed.org./AAAA",
            "managed_zone": "self-signed-org",
            "name": "www.self-signed.org.",
            "project": "justselfsigned-org",
            "routing_policy": [],
            "rrdatas": [
              "2a05:d01c:b60:ad00:925f:6e19:edb0:2aa1",
              "2a05:d01c:b60:ad01:6bae:70b:2ac5:d22f"
            ],
            "ttl": 30,
            "type": "AAAA"
          },
          "sensitive_attributes": [],
          "private": "bnVsbA=="
        }
      ]
    }
  ],
  "check_results": []
}
